<Solution>
  <Folder Name="/Solution Items/">
    <File Path=".gitignore" />
  </Folder>
  <Project Path="Common/Common.csproj" Id="a6e9b730-f665-4074-aeb9-7fb34bf5b1f5" />
  <Project Path="DAL/DAL.csproj" Id="699dd532-3fd0-4059-b196-98c4cffd086b" />
  <Project Path="BLL/BLL.csproj" Id="61144f42-b22e-44b3-bb11-3bba0a895727" />
  <Project Path="Web/Web.csproj" Id="0ca623a1-9cb8-4a25-b853-78755cfb1e06" />
</Solution>
